
Microsoft Visual Studio Solution File, Format Version 12.00
# Visual Studio Version 17
VisualStudioVersion = 17.7.34031.279
MinimumVisualStudioVersion = 10.0.40219.1
Project("{8BC9CEB8-8B4A-11D0-8D11-00A0C91BC942}") = "Ex. 3-8 (P.94)", "Ex. 3-8 (P.94).vcxproj", "{B48C2292-FE92-45F5-923F-69037789D97D}"
EndProject
Global
	GlobalSection(SolutionConfigurationPlatforms) = preSolution
		Debug|x64 = Debug|x64
		Debug|x86 = Debug|x86
		Release|x64 = Release|x64
		Release|x86 = Release|x86
	EndGlobalSection
	GlobalSection(ProjectConfigurationPlatforms) = postSolution
		{B48C2292-FE92-45F5-923F-69037789D97D}.Debug|x64.ActiveCfg = Debug|x64
		{B48C2292-FE92-45F5-923F-69037789D97D}.Debug|x64.Build.0 = Debug|x64
		{B48C2292-FE92-45F5-923F-69037789D97D}.Debug|x86.ActiveCfg = Debug|Win32
		{B48C2292-FE92-45F5-923F-69037789D97D}.Debug|x86.Build.0 = Debug|Win32
		{B48C2292-FE92-45F5-923F-69037789D97D}.Release|x64.ActiveCfg = Release|x64
		{B48C2292-FE92-45F5-923F-69037789D97D}.Release|x64.Build.0 = Release|x64
		{B48C2292-FE92-45F5-923F-69037789D97D}.Release|x86.ActiveCfg = Release|Win32
		{B48C2292-FE92-45F5-923F-69037789D97D}.Release|x86.Build.0 = Release|Win32
	EndGlobalSection
	GlobalSection(SolutionProperties) = preSolution
		HideSolutionNode = FALSE
	EndGlobalSection
	GlobalSection(ExtensibilityGlobals) = postSolution
		SolutionGuid = {CD22804C-5BCD-404D-97C4-C3FF0CBF8BF8}
	EndGlobalSection
EndGlobal
