
Microsoft Visual Studio Solution File, Format Version 12.00
# Visual Studio Version 17
VisualStudioVersion = 17.7.34031.279
MinimumVisualStudioVersion = 10.0.40219.1
Project("{8BC9CEB8-8B4A-11D0-8D11-00A0C91BC942}") = "Week7-P.219", "Week7-P.219.vcxproj", "{D507FB55-F491-4BE3-99B4-9138AF6D95CE}"
EndProject
Global
	GlobalSection(SolutionConfigurationPlatforms) = preSolution
		Debug|x64 = Debug|x64
		Debug|x86 = Debug|x86
		Release|x64 = Release|x64
		Release|x86 = Release|x86
	EndGlobalSection
	GlobalSection(ProjectConfigurationPlatforms) = postSolution
		{D507FB55-F491-4BE3-99B4-9138AF6D95CE}.Debug|x64.ActiveCfg = Debug|x64
		{D507FB55-F491-4BE3-99B4-9138AF6D95CE}.Debug|x64.Build.0 = Debug|x64
		{D507FB55-F491-4BE3-99B4-9138AF6D95CE}.Debug|x86.ActiveCfg = Debug|Win32
		{D507FB55-F491-4BE3-99B4-9138AF6D95CE}.Debug|x86.Build.0 = Debug|Win32
		{D507FB55-F491-4BE3-99B4-9138AF6D95CE}.Release|x64.ActiveCfg = Release|x64
		{D507FB55-F491-4BE3-99B4-9138AF6D95CE}.Release|x64.Build.0 = Release|x64
		{D507FB55-F491-4BE3-99B4-9138AF6D95CE}.Release|x86.ActiveCfg = Release|Win32
		{D507FB55-F491-4BE3-99B4-9138AF6D95CE}.Release|x86.Build.0 = Release|Win32
	EndGlobalSection
	GlobalSection(SolutionProperties) = preSolution
		HideSolutionNode = FALSE
	EndGlobalSection
	GlobalSection(ExtensibilityGlobals) = postSolution
		SolutionGuid = {C39750FC-44E8-427E-BD84-EAC21F30F2D9}
	EndGlobalSection
EndGlobal
