
Microsoft Visual Studio Solution File, Format Version 12.00
# Visual Studio Version 17
VisualStudioVersion = 17.7.34024.191
MinimumVisualStudioVersion = 10.0.40219.1
Project("{8BC9CEB8-8B4A-11D0-8D11-00A0C91BC942}") = "Project1", "Project1.vcxproj", "{066C8EF9-4C74-4D87-91FE-03EAAD7FBCCF}"
EndProject
Global
	GlobalSection(SolutionConfigurationPlatforms) = preSolution
		Debug|x64 = Debug|x64
		Debug|x86 = Debug|x86
		Release|x64 = Release|x64
		Release|x86 = Release|x86
	EndGlobalSection
	GlobalSection(ProjectConfigurationPlatforms) = postSolution
		{066C8EF9-4C74-4D87-91FE-03EAAD7FBCCF}.Debug|x64.ActiveCfg = Debug|x64
		{066C8EF9-4C74-4D87-91FE-03EAAD7FBCCF}.Debug|x64.Build.0 = Debug|x64
		{066C8EF9-4C74-4D87-91FE-03EAAD7FBCCF}.Debug|x86.ActiveCfg = Debug|Win32
		{066C8EF9-4C74-4D87-91FE-03EAAD7FBCCF}.Debug|x86.Build.0 = Debug|Win32
		{066C8EF9-4C74-4D87-91FE-03EAAD7FBCCF}.Release|x64.ActiveCfg = Release|x64
		{066C8EF9-4C74-4D87-91FE-03EAAD7FBCCF}.Release|x64.Build.0 = Release|x64
		{066C8EF9-4C74-4D87-91FE-03EAAD7FBCCF}.Release|x86.ActiveCfg = Release|Win32
		{066C8EF9-4C74-4D87-91FE-03EAAD7FBCCF}.Release|x86.Build.0 = Release|Win32
	EndGlobalSection
	GlobalSection(SolutionProperties) = preSolution
		HideSolutionNode = FALSE
	EndGlobalSection
	GlobalSection(ExtensibilityGlobals) = postSolution
		SolutionGuid = {48316A2A-4ACE-4911-849E-8A951BE60EC7}
	EndGlobalSection
EndGlobal
