
Microsoft Visual Studio Solution File, Format Version 12.00
# Visual Studio Version 17
VisualStudioVersion = 17.7.34031.279
MinimumVisualStudioVersion = 10.0.40219.1
Project("{8BC9CEB8-8B4A-11D0-8D11-00A0C91BC942}") = "Ex. 3-1 (P.81)", "Ex. 3-1 (P.81).vcxproj", "{CD3734E6-4FF6-4D64-84D0-299A628036BD}"
EndProject
Global
	GlobalSection(SolutionConfigurationPlatforms) = preSolution
		Debug|x64 = Debug|x64
		Debug|x86 = Debug|x86
		Release|x64 = Release|x64
		Release|x86 = Release|x86
	EndGlobalSection
	GlobalSection(ProjectConfigurationPlatforms) = postSolution
		{CD3734E6-4FF6-4D64-84D0-299A628036BD}.Debug|x64.ActiveCfg = Debug|x64
		{CD3734E6-4FF6-4D64-84D0-299A628036BD}.Debug|x64.Build.0 = Debug|x64
		{CD3734E6-4FF6-4D64-84D0-299A628036BD}.Debug|x86.ActiveCfg = Debug|Win32
		{CD3734E6-4FF6-4D64-84D0-299A628036BD}.Debug|x86.Build.0 = Debug|Win32
		{CD3734E6-4FF6-4D64-84D0-299A628036BD}.Release|x64.ActiveCfg = Release|x64
		{CD3734E6-4FF6-4D64-84D0-299A628036BD}.Release|x64.Build.0 = Release|x64
		{CD3734E6-4FF6-4D64-84D0-299A628036BD}.Release|x86.ActiveCfg = Release|Win32
		{CD3734E6-4FF6-4D64-84D0-299A628036BD}.Release|x86.Build.0 = Release|Win32
	EndGlobalSection
	GlobalSection(SolutionProperties) = preSolution
		HideSolutionNode = FALSE
	EndGlobalSection
	GlobalSection(ExtensibilityGlobals) = postSolution
		SolutionGuid = {4135324D-A6C4-42D2-B4F1-BF905B306857}
	EndGlobalSection
EndGlobal
